
Microsoft Visual Studio Solution File, Format Version 12.00
# Visual Studio Version 17
VisualStudioVersion = 17.11.35312.102
MinimumVisualStudioVersion = 10.0.40219.1
Project("{9A19103F-16F7-4668-BE54-9A1E7A4F7556}") = "koi-farm-demo", "koi-farm-demo\koi-farm-demo.csproj", "{635E5E1E-6782-48E3-BB0A-5976FF7B5299}"
EndProject
Project("{FAE04EC0-301F-11D3-BF4B-00C04F79EFBC}") = "TestProject1", "TestProject1\TestProject1.csproj", "{D6E76CAE-F117-481B-A9EE-06955E726FCF}"
EndProject
Global
	GlobalSection(SolutionConfigurationPlatforms) = preSolution
		Debug|Any CPU = Debug|Any CPU
		Release|Any CPU = Release|Any CPU
	EndGlobalSection
	GlobalSection(ProjectConfigurationPlatforms) = postSolution
		{635E5E1E-6782-48E3-BB0A-5976FF7B5299}.Debug|Any CPU.ActiveCfg = Debug|Any CPU
		{635E5E1E-6782-48E3-BB0A-5976FF7B5299}.Debug|Any CPU.Build.0 = Debug|Any CPU
		{635E5E1E-6782-48E3-BB0A-5976FF7B5299}.Release|Any CPU.ActiveCfg = Release|Any CPU
		{635E5E1E-6782-48E3-BB0A-5976FF7B5299}.Release|Any CPU.Build.0 = Release|Any CPU
		{D6E76CAE-F117-481B-A9EE-06955E726FCF}.Debug|Any CPU.ActiveCfg = Debug|Any CPU
		{D6E76CAE-F117-481B-A9EE-06955E726FCF}.Debug|Any CPU.Build.0 = Debug|Any CPU
		{D6E76CAE-F117-481B-A9EE-06955E726FCF}.Release|Any CPU.ActiveCfg = Release|Any CPU
		{D6E76CAE-F117-481B-A9EE-06955E726FCF}.Release|Any CPU.Build.0 = Release|Any CPU
	EndGlobalSection
	GlobalSection(SolutionProperties) = preSolution
		HideSolutionNode = FALSE
	EndGlobalSection
	GlobalSection(ExtensibilityGlobals) = postSolution
		SolutionGuid = {122D7053-16F4-4C12-97B9-21EA352AD0B4}
	EndGlobalSection
EndGlobal
